// !$*UTF8*$!
{
	archiveVersion = 1;
	classes = {
	};
	objectVersion = 46;
	objects = {

/* Begin PBXBuildFile section */
		A3038F0315D495BE009915DB /* GameSelectionViewController.m in Sources */ = {isa = PBXBuildFile; fileRef = A3038F0215D495BE009915DB /* GameSelectionViewController.m */; };
		A33C288815D2FEF8001EAC3F /* title_mm2.png in Resources */ = {isa = PBXBuildFile; fileRef = A33C288715D2FEF8001EAC3F /* title_mm2.png */; };
		A33C288A15D2FF07001EAC3F /* title_mm3.png in Resources */ = {isa = PBXBuildFile; fileRef = A33C288915D2FF07001EAC3F /* title_mm3.png */; };
		A33C289A15D30611001EAC3F /* MMPGDataStore.m in Sources */ = {isa = PBXBuildFile; fileRef = A33C289915D30611001EAC3F /* MMPGDataStore.m */; };
		A33C28AC15D31747001EAC3F /* MMPGData.plist in Resources */ = {isa = PBXBuildFile; fileRef = A33C28AB15D31747001EAC3F /* MMPGData.plist */; };
		A33C28AF15D32293001EAC3F /* MMPGDataObject.m in Sources */ = {isa = PBXBuildFile; fileRef = A33C28AE15D32293001EAC3F /* MMPGDataObject.m */; };
		A33C28B215D3232E001EAC3F /* Game.m in Sources */ = {isa = PBXBuildFile; fileRef = A33C28B115D3232E001EAC3F /* Game.m */; };
		A33C28B515D323AC001EAC3F /* Boss.m in Sources */ = {isa = PBXBuildFile; fileRef = A33C28B415D323AC001EAC3F /* Boss.m */; };
		A33C28B815D32429001EAC3F /* Item.m in Sources */ = {isa = PBXBuildFile; fileRef = A33C28B715D32429001EAC3F /* Item.m */; };
		A3465E7515CDE23900DFE0C0 /* UIKit.framework in Frameworks */ = {isa = PBXBuildFile; fileRef = A3465E7415CDE23900DFE0C0 /* UIKit.framework */; };
		A3465E7715CDE23900DFE0C0 /* Foundation.framework in Frameworks */ = {isa = PBXBuildFile; fileRef = A3465E7615CDE23900DFE0C0 /* Foundation.framework */; };
		A3465E7915CDE23900DFE0C0 /* CoreGraphics.framework in Frameworks */ = {isa = PBXBuildFile; fileRef = A3465E7815CDE23900DFE0C0 /* CoreGraphics.framework */; };
		A3465E7F15CDE23900DFE0C0 /* InfoPlist.strings in Resources */ = {isa = PBXBuildFile; fileRef = A3465E7D15CDE23900DFE0C0 /* InfoPlist.strings */; };
		A3465E8115CDE23900DFE0C0 /* main.m in Sources */ = {isa = PBXBuildFile; fileRef = A3465E8015CDE23900DFE0C0 /* main.m */; };
		A3465E8515CDE23900DFE0C0 /* MMPGAppDelegate.m in Sources */ = {isa = PBXBuildFile; fileRef = A3465E8415CDE23900DFE0C0 /* MMPGAppDelegate.m */; };
		A390726415D599300052E8E6 /* GameViewController.m in Sources */ = {isa = PBXBuildFile; fileRef = A390726215D599300052E8E6 /* GameViewController.m */; };
		A390726515D599300052E8E6 /* GameViewController.xib in Resources */ = {isa = PBXBuildFile; fileRef = A390726315D599300052E8E6 /* GameViewController.xib */; };
/* End PBXBuildFile section */

/* Begin PBXFileReference section */
		A3038F0115D495BE009915DB /* GameSelectionViewController.h */ = {isa = PBXFileReference; fileEncoding = 4; lastKnownFileType = sourcecode.c.h; path = GameSelectionViewController.h; sourceTree = "<group>"; };
		A3038F0215D495BE009915DB /* GameSelectionViewController.m */ = {isa = PBXFileReference; fileEncoding = 4; lastKnownFileType = sourcecode.c.objc; path = GameSelectionViewController.m; sourceTree = "<group>"; };
		A33C288715D2FEF8001EAC3F /* title_mm2.png */ = {isa = PBXFileReference; lastKnownFileType = image.png; path = title_mm2.png; sourceTree = "<group>"; };
		A33C288915D2FF07001EAC3F /* title_mm3.png */ = {isa = PBXFileReference; lastKnownFileType = image.png; path = title_mm3.png; sourceTree = "<group>"; };
		A33C289815D30611001EAC3F /* MMPGDataStore.h */ = {isa = PBXFileReference; fileEncoding = 4; lastKnownFileType = sourcecode.c.h; path = MMPGDataStore.h; sourceTree = "<group>"; };
		A33C289915D30611001EAC3F /* MMPGDataStore.m */ = {isa = PBXFileReference; fileEncoding = 4; lastKnownFileType = sourcecode.c.objc; path = MMPGDataStore.m; sourceTree = "<group>"; };
		A33C28AB15D31747001EAC3F /* MMPGData.plist */ = {isa = PBXFileReference; fileEncoding = 4; lastKnownFileType = text.plist.xml; path = MMPGData.plist; sourceTree = "<group>"; };
		A33C28AD15D32293001EAC3F /* MMPGDataObject.h */ = {isa = PBXFileReference; fileEncoding = 4; lastKnownFileType = sourcecode.c.h; path = MMPGDataObject.h; sourceTree = "<group>"; };
		A33C28AE15D32293001EAC3F /* MMPGDataObject.m */ = {isa = PBXFileReference; fileEncoding = 4; lastKnownFileType = sourcecode.c.objc; path = MMPGDataObject.m; sourceTree = "<group>"; };
		A33C28B015D3232E001EAC3F /* Game.h */ = {isa = PBXFileReference; fileEncoding = 4; lastKnownFileType = sourcecode.c.h; path = Game.h; sourceTree = "<group>"; };
		A33C28B115D3232E001EAC3F /* Game.m */ = {isa = PBXFileReference; fileEncoding = 4; lastKnownFileType = sourcecode.c.objc; path = Game.m; sourceTree = "<group>"; };
		A33C28B315D323AC001EAC3F /* Boss.h */ = {isa = PBXFileReference; fileEncoding = 4; lastKnownFileType = sourcecode.c.h; path = Boss.h; sourceTree = "<group>"; };
		A33C28B415D323AC001EAC3F /* Boss.m */ = {isa = PBXFileReference; fileEncoding = 4; lastKnownFileType = sourcecode.c.objc; path = Boss.m; sourceTree = "<group>"; };
		A33C28B615D32429001EAC3F /* Item.h */ = {isa = PBXFileReference; fileEncoding = 4; lastKnownFileType = sourcecode.c.h; path = Item.h; sourceTree = "<group>"; };
		A33C28B715D32429001EAC3F /* Item.m */ = {isa = PBXFileReference; fileEncoding = 4; lastKnownFileType = sourcecode.c.objc; path = Item.m; sourceTree = "<group>"; };
		A3465E7015CDE23900DFE0C0 /* Mega Man Password Generator.app */ = {isa = PBXFileReference; explicitFileType = wrapper.application; includeInIndex = 0; path = "Mega Man Password Generator.app"; sourceTree = BUILT_PRODUCTS_DIR; };
		A3465E7415CDE23900DFE0C0 /* UIKit.framework */ = {isa = PBXFileReference; lastKnownFileType = wrapper.framework; name = UIKit.framework; path = System/Library/Frameworks/UIKit.framework; sourceTree = SDKROOT; };
		A3465E7615CDE23900DFE0C0 /* Foundation.framework */ = {isa = PBXFileReference; lastKnownFileType = wrapper.framework; name = Foundation.framework; path = System/Library/Frameworks/Foundation.framework; sourceTree = SDKROOT; };
		A3465E7815CDE23900DFE0C0 /* CoreGraphics.framework */ = {isa = PBXFileReference; lastKnownFileType = wrapper.framework; name = CoreGraphics.framework; path = System/Library/Frameworks/CoreGraphics.framework; sourceTree = SDKROOT; };
		A3465E7C15CDE23900DFE0C0 /* Mega Man Password Generator-Info.plist */ = {isa = PBXFileReference; lastKnownFileType = text.plist.xml; path = "Mega Man Password Generator-Info.plist"; sourceTree = "<group>"; };
		A3465E7E15CDE23900DFE0C0 /* en */ = {isa = PBXFileReference; lastKnownFileType = text.plist.strings; name = en; path = en.lproj/InfoPlist.strings; sourceTree = "<group>"; };
		A3465E8015CDE23900DFE0C0 /* main.m */ = {isa = PBXFileReference; lastKnownFileType = sourcecode.c.objc; path = main.m; sourceTree = "<group>"; };
		A3465E8215CDE23900DFE0C0 /* Mega Man Password Generator-Prefix.pch */ = {isa = PBXFileReference; lastKnownFileType = sourcecode.c.h; path = "Mega Man Password Generator-Prefix.pch"; sourceTree = "<group>"; };
		A3465E8315CDE23900DFE0C0 /* MMPGAppDelegate.h */ = {isa = PBXFileReference; lastKnownFileType = sourcecode.c.h; path = MMPGAppDelegate.h; sourceTree = "<group>"; };
		A3465E8415CDE23900DFE0C0 /* MMPGAppDelegate.m */ = {isa = PBXFileReference; lastKnownFileType = sourcecode.c.objc; path = MMPGAppDelegate.m; sourceTree = "<group>"; };
		A390726115D599300052E8E6 /* GameViewController.h */ = {isa = PBXFileReference; fileEncoding = 4; lastKnownFileType = sourcecode.c.h; path = GameViewController.h; sourceTree = "<group>"; };
		A390726215D599300052E8E6 /* GameViewController.m */ = {isa = PBXFileReference; fileEncoding = 4; lastKnownFileType = sourcecode.c.objc; path = GameViewController.m; sourceTree = "<group>"; };
		A390726315D599300052E8E6 /* GameViewController.xib */ = {isa = PBXFileReference; fileEncoding = 4; lastKnownFileType = file.xib; path = GameViewController.xib; sourceTree = "<group>"; };
/* End PBXFileReference section */

/* Begin PBXFrameworksBuildPhase section */
		A3465E6D15CDE23800DFE0C0 /* Frameworks */ = {
			isa = PBXFrameworksBuildPhase;
			buildActionMask = 2147483647;
			files = (
				A3465E7515CDE23900DFE0C0 /* UIKit.framework in Frameworks */,
				A3465E7715CDE23900DFE0C0 /* Foundation.framework in Frameworks */,
				A3465E7915CDE23900DFE0C0 /* CoreGraphics.framework in Frameworks */,
			);
			runOnlyForDeploymentPostprocessing = 0;
		};
/* End PBXFrameworksBuildPhase section */

/* Begin PBXGroup section */
		A33C289615D30491001EAC3F /* Password Generators */ = {
			isa = PBXGroup;
			children = (
			);
			name = "Password Generators";
			sourceTree = "<group>";
		};
		A33C289715D304A2001EAC3F /* Views */ = {
			isa = PBXGroup;
			children = (
				A3038F0115D495BE009915DB /* GameSelectionViewController.h */,
				A3038F0215D495BE009915DB /* GameSelectionViewController.m */,
				A390726115D599300052E8E6 /* GameViewController.h */,
				A390726215D599300052E8E6 /* GameViewController.m */,
				A390726315D599300052E8E6 /* GameViewController.xib */,
			);
			name = Views;
			sourceTree = "<group>";
		};
		A33C289B15D3073D001EAC3F /* Data Models */ = {
			isa = PBXGroup;
			children = (
				A33C28B315D323AC001EAC3F /* Boss.h */,
				A33C28B415D323AC001EAC3F /* Boss.m */,
				A33C28B015D3232E001EAC3F /* Game.h */,
				A33C28B115D3232E001EAC3F /* Game.m */,
				A33C28B615D32429001EAC3F /* Item.h */,
				A33C28B715D32429001EAC3F /* Item.m */,
				A33C289815D30611001EAC3F /* MMPGDataStore.h */,
				A33C289915D30611001EAC3F /* MMPGDataStore.m */,
				A33C28AD15D32293001EAC3F /* MMPGDataObject.h */,
				A33C28AE15D32293001EAC3F /* MMPGDataObject.m */,
				A33C28AB15D31747001EAC3F /* MMPGData.plist */,
			);
			name = "Data Models";
			sourceTree = "<group>";
		};
		A3465E6515CDE23800DFE0C0 = {
			isa = PBXGroup;
			children = (
				A3465E7A15CDE23900DFE0C0 /* Mega Man Password Generator */,
				A3465E7315CDE23900DFE0C0 /* Frameworks */,
				A3465E7115CDE23900DFE0C0 /* Products */,
			);
			sourceTree = "<group>";
		};
		A3465E7115CDE23900DFE0C0 /* Products */ = {
			isa = PBXGroup;
			children = (
				A3465E7015CDE23900DFE0C0 /* Mega Man Password Generator.app */,
			);
			name = Products;
			sourceTree = "<group>";
		};
		A3465E7315CDE23900DFE0C0 /* Frameworks */ = {
			isa = PBXGroup;
			children = (
				A3465E7415CDE23900DFE0C0 /* UIKit.framework */,
				A3465E7615CDE23900DFE0C0 /* Foundation.framework */,
				A3465E7815CDE23900DFE0C0 /* CoreGraphics.framework */,
			);
			name = Frameworks;
			sourceTree = "<group>";
		};
		A3465E7A15CDE23900DFE0C0 /* Mega Man Password Generator */ = {
			isa = PBXGroup;
			children = (
				A33C289B15D3073D001EAC3F /* Data Models */,
				A33C289715D304A2001EAC3F /* Views */,
				A33C289615D30491001EAC3F /* Password Generators */,
				A3465E8315CDE23900DFE0C0 /* MMPGAppDelegate.h */,
				A3465E8415CDE23900DFE0C0 /* MMPGAppDelegate.m */,
				A3465E7B15CDE23900DFE0C0 /* Supporting Files */,
			);
			path = "Mega Man Password Generator";
			sourceTree = "<group>";
		};
		A3465E7B15CDE23900DFE0C0 /* Supporting Files */ = {
			isa = PBXGroup;
			children = (
				A390726815D59BDD0052E8E6 /* Screenshots */,
				A390726715D59BCE0052E8E6 /* Sprites */,
				A3465E7C15CDE23900DFE0C0 /* Mega Man Password Generator-Info.plist */,
				A3465E7D15CDE23900DFE0C0 /* InfoPlist.strings */,
				A3465E8015CDE23900DFE0C0 /* main.m */,
				A3465E8215CDE23900DFE0C0 /* Mega Man Password Generator-Prefix.pch */,
			);
			name = "Supporting Files";
			sourceTree = "<group>";
		};
		A390726715D59BCE0052E8E6 /* Sprites */ = {
			isa = PBXGroup;
			children = (
			);
			name = Sprites;
			sourceTree = "<group>";
		};
		A390726815D59BDD0052E8E6 /* Screenshots */ = {
			isa = PBXGroup;
			children = (
				A33C288715D2FEF8001EAC3F /* title_mm2.png */,
				A33C288915D2FF07001EAC3F /* title_mm3.png */,
			);
			name = Screenshots;
			sourceTree = "<group>";
		};
/* End PBXGroup section */

/* Begin PBXNativeTarget section */
		A3465E6F15CDE23800DFE0C0 /* Mega Man Password Generator */ = {
			isa = PBXNativeTarget;
			buildConfigurationList = A3465E8815CDE23900DFE0C0 /* Build configuration list for PBXNativeTarget "Mega Man Password Generator" */;
			buildPhases = (
				A3465E6C15CDE23800DFE0C0 /* Sources */,
				A3465E6D15CDE23800DFE0C0 /* Frameworks */,
				A3465E6E15CDE23800DFE0C0 /* Resources */,
			);
			buildRules = (
			);
			dependencies = (
			);
			name = "Mega Man Password Generator";
			productName = "Mega Man Password Generator";
			productReference = A3465E7015CDE23900DFE0C0 /* Mega Man Password Generator.app */;
			productType = "com.apple.product-type.application";
		};
/* End PBXNativeTarget section */

/* Begin PBXProject section */
		A3465E6715CDE23800DFE0C0 /* Project object */ = {
			isa = PBXProject;
			attributes = {
				CLASSPREFIX = MMPG;
				LastUpgradeCheck = 0450;
				ORGANIZATIONNAME = "Luke Sneeringer";
			};
			buildConfigurationList = A3465E6A15CDE23800DFE0C0 /* Build configuration list for PBXProject "Mega Man Password Generator" */;
			compatibilityVersion = "Xcode 3.2";
			developmentRegion = English;
			hasScannedForEncodings = 0;
			knownRegions = (
				en,
			);
			mainGroup = A3465E6515CDE23800DFE0C0;
			productRefGroup = A3465E7115CDE23900DFE0C0 /* Products */;
			projectDirPath = "";
			projectRoot = "";
			targets = (
				A3465E6F15CDE23800DFE0C0 /* Mega Man Password Generator */,
			);
		};
/* End PBXProject section */

/* Begin PBXResourcesBuildPhase section */
		A3465E6E15CDE23800DFE0C0 /* Resources */ = {
			isa = PBXResourcesBuildPhase;
			buildActionMask = 2147483647;
			files = (
				A3465E7F15CDE23900DFE0C0 /* InfoPlist.strings in Resources */,
				A33C288815D2FEF8001EAC3F /* title_mm2.png in Resources */,
				A33C288A15D2FF07001EAC3F /* title_mm3.png in Resources */,
				A33C28AC15D31747001EAC3F /* MMPGData.plist in Resources */,
				A390726515D599300052E8E6 /* GameViewController.xib in Resources */,
			);
			runOnlyForDeploymentPostprocessing = 0;
		};
/* End PBXResourcesBuildPhase section */

/* Begin PBXSourcesBuildPhase section */
		A3465E6C15CDE23800DFE0C0 /* Sources */ = {
			isa = PBXSourcesBuildPhase;
			buildActionMask = 2147483647;
			files = (
				A3465E8115CDE23900DFE0C0 /* main.m in Sources */,
				A3465E8515CDE23900DFE0C0 /* MMPGAppDelegate.m in Sources */,
				A33C289A15D30611001EAC3F /* MMPGDataStore.m in Sources */,
				A33C28AF15D32293001EAC3F /* MMPGDataObject.m in Sources */,
				A33C28B215D3232E001EAC3F /* Game.m in Sources */,
				A33C28B515D323AC001EAC3F /* Boss.m in Sources */,
				A33C28B815D32429001EAC3F /* Item.m in Sources */,
				A3038F0315D495BE009915DB /* GameSelectionViewController.m in Sources */,
				A390726415D599300052E8E6 /* GameViewController.m in Sources */,
			);
			runOnlyForDeploymentPostprocessing = 0;
		};
/* End PBXSourcesBuildPhase section */

/* Begin PBXVariantGroup section */
		A3465E7D15CDE23900DFE0C0 /* InfoPlist.strings */ = {
			isa = PBXVariantGroup;
			children = (
				A3465E7E15CDE23900DFE0C0 /* en */,
			);
			name = InfoPlist.strings;
			sourceTree = "<group>";
		};
/* End PBXVariantGroup section */

/* Begin XCBuildConfiguration section */
		A3465E8615CDE23900DFE0C0 /* Debug */ = {
			isa = XCBuildConfiguration;
			buildSettings = {
				ALWAYS_SEARCH_USER_PATHS = NO;
				CLANG_CXX_LANGUAGE_STANDARD = "gnu++0x";
				CLANG_ENABLE_OBJC_ARC = YES;
				CLANG_WARN__DUPLICATE_METHOD_MATCH = YES;
				"CODE_SIGN_IDENTITY[sdk=iphoneos*]" = "iPhone Developer";
				COPY_PHASE_STRIP = NO;
				GCC_C_LANGUAGE_STANDARD = gnu99;
				GCC_DYNAMIC_NO_PIC = NO;
				GCC_OPTIMIZATION_LEVEL = 0;
				GCC_PREPROCESSOR_DEFINITIONS = (
					"DEBUG=1",
					"$(inherited)",
				);
				GCC_SYMBOLS_PRIVATE_EXTERN = NO;
				GCC_WARN_ABOUT_RETURN_TYPE = YES;
				GCC_WARN_UNINITIALIZED_AUTOS = YES;
				GCC_WARN_UNUSED_VARIABLE = YES;
				IPHONEOS_DEPLOYMENT_TARGET = 6.0;
				SDKROOT = iphoneos;
				TARGETED_DEVICE_FAMILY = "1,2";
			};
			name = Debug;
		};
		A3465E8715CDE23900DFE0C0 /* Release */ = {
			isa = XCBuildConfiguration;
			buildSettings = {
				ALWAYS_SEARCH_USER_PATHS = NO;
				CLANG_CXX_LANGUAGE_STANDARD = "gnu++0x";
				CLANG_ENABLE_OBJC_ARC = YES;
				CLANG_WARN__DUPLICATE_METHOD_MATCH = YES;
				"CODE_SIGN_IDENTITY[sdk=iphoneos*]" = "iPhone Developer";
				COPY_PHASE_STRIP = YES;
				GCC_C_LANGUAGE_STANDARD = gnu99;
				GCC_WARN_ABOUT_RETURN_TYPE = YES;
				GCC_WARN_UNINITIALIZED_AUTOS = YES;
				GCC_WARN_UNUSED_VARIABLE = YES;
				IPHONEOS_DEPLOYMENT_TARGET = 6.0;
				OTHER_CFLAGS = "-DNS_BLOCK_ASSERTIONS=1";
				SDKROOT = iphoneos;
				TARGETED_DEVICE_FAMILY = "1,2";
				VALIDATE_PRODUCT = YES;
			};
			name = Release;
		};
		A3465E8915CDE23900DFE0C0 /* Debug */ = {
			isa = XCBuildConfiguration;
			buildSettings = {
				GCC_PRECOMPILE_PREFIX_HEADER = YES;
				GCC_PREFIX_HEADER = "Mega Man Password Generator/Mega Man Password Generator-Prefix.pch";
				INFOPLIST_FILE = "Mega Man Password Generator/Mega Man Password Generator-Info.plist";
				PRODUCT_NAME = "$(TARGET_NAME)";
				WRAPPER_EXTENSION = app;
			};
			name = Debug;
		};
		A3465E8A15CDE23900DFE0C0 /* Release */ = {
			isa = XCBuildConfiguration;
			buildSettings = {
				GCC_PRECOMPILE_PREFIX_HEADER = YES;
				GCC_PREFIX_HEADER = "Mega Man Password Generator/Mega Man Password Generator-Prefix.pch";
				INFOPLIST_FILE = "Mega Man Password Generator/Mega Man Password Generator-Info.plist";
				PRODUCT_NAME = "$(TARGET_NAME)";
				WRAPPER_EXTENSION = app;
			};
			name = Release;
		};
/* End XCBuildConfiguration section */

/* Begin XCConfigurationList section */
		A3465E6A15CDE23800DFE0C0 /* Build configuration list for PBXProject "Mega Man Password Generator" */ = {
			isa = XCConfigurationList;
			buildConfigurations = (
				A3465E8615CDE23900DFE0C0 /* Debug */,
				A3465E8715CDE23900DFE0C0 /* Release */,
			);
			defaultConfigurationIsVisible = 0;
			defaultConfigurationName = Release;
		};
		A3465E8815CDE23900DFE0C0 /* Build configuration list for PBXNativeTarget "Mega Man Password Generator" */ = {
			isa = XCConfigurationList;
			buildConfigurations = (
				A3465E8915CDE23900DFE0C0 /* Debug */,
				A3465E8A15CDE23900DFE0C0 /* Release */,
			);
			defaultConfigurationIsVisible = 0;
			defaultConfigurationName = Release;
		};
/* End XCConfigurationList section */
	};
	rootObject = A3465E6715CDE23800DFE0C0 /* Project object */;
}
