// !$*UTF8*$!
{
	archiveVersion = 1;
	classes = {
	};
	objectVersion = 46;
	objects = {

/* Begin PBXBuildFile section */
		A3038F0315D495BE009915DB /* GameSelectionViewController.m in Sources */ = {isa = PBXBuildFile; fileRef = A3038F0215D495BE009915DB /* GameSelectionViewController.m */; };
		A31784A015DDB40600A79A51 /* mm3_grid.png in Resources */ = {isa = PBXBuildFile; fileRef = A317849E15DDB40600A79A51 /* mm3_grid.png */; };
		A31784A115DDB40600A79A51 /* mm2_grid.png in Resources */ = {isa = PBXBuildFile; fileRef = A317849F15DDB40600A79A51 /* mm2_grid.png */; };
		A32337E415D5AFC7003D062C /* BossViewController.xib in Resources */ = {isa = PBXBuildFile; fileRef = A32337E315D5AFC7003D062C /* BossViewController.xib */; };
		A32337EC15D5B307003D062C /* air_man.png in Resources */ = {isa = PBXBuildFile; fileRef = A32337E715D5B307003D062C /* air_man.png */; };
		A32337ED15D5B307003D062C /* bubble_man.png in Resources */ = {isa = PBXBuildFile; fileRef = A32337E815D5B307003D062C /* bubble_man.png */; };
		A32337EE15D5B307003D062C /* crash_man.png in Resources */ = {isa = PBXBuildFile; fileRef = A32337E915D5B307003D062C /* crash_man.png */; };
		A32337EF15D5B307003D062C /* flash_man.png in Resources */ = {isa = PBXBuildFile; fileRef = A32337EA15D5B307003D062C /* flash_man.png */; };
		A32337F015D5B307003D062C /* heat_man.png in Resources */ = {isa = PBXBuildFile; fileRef = A32337EB15D5B307003D062C /* heat_man.png */; };
		A32337F415D5B31A003D062C /* metal_man.png in Resources */ = {isa = PBXBuildFile; fileRef = A32337F115D5B31A003D062C /* metal_man.png */; };
		A32337F515D5B31A003D062C /* quick_man.png in Resources */ = {isa = PBXBuildFile; fileRef = A32337F215D5B31A003D062C /* quick_man.png */; };
		A32337F615D5B31A003D062C /* wood_man.png in Resources */ = {isa = PBXBuildFile; fileRef = A32337F315D5B31A003D062C /* wood_man.png */; };
		A32337F915D5B411003D062C /* BossViewController.m in Sources */ = {isa = PBXBuildFile; fileRef = A32337F815D5B411003D062C /* BossViewController.m */; };
		A323380315D5E42C003D062C /* ItemViewControllerSingle.xib in Resources */ = {isa = PBXBuildFile; fileRef = A323380215D5E42C003D062C /* ItemViewControllerSingle.xib */; };
		A323380515D5E4F5003D062C /* ItemViewController.xib in Resources */ = {isa = PBXBuildFile; fileRef = A323380415D5E4F5003D062C /* ItemViewController.xib */; };
		A323380B15D5E8BC003D062C /* ItemViewController.m in Sources */ = {isa = PBXBuildFile; fileRef = A323380A15D5E8BC003D062C /* ItemViewController.m */; };
		A323380E15D5F188003D062C /* etank.png in Resources */ = {isa = PBXBuildFile; fileRef = A323380D15D5F188003D062C /* etank.png */; };
		A323381C15D5FEF4003D062C /* needle_man.png in Resources */ = {isa = PBXBuildFile; fileRef = A323381015D5FEF4003D062C /* needle_man.png */; };
		A323381D15D5FEF4003D062C /* hard_man.png in Resources */ = {isa = PBXBuildFile; fileRef = A323381115D5FEF4003D062C /* hard_man.png */; };
		A323381E15D5FEF4003D062C /* gemini_man.png in Resources */ = {isa = PBXBuildFile; fileRef = A323381215D5FEF4003D062C /* gemini_man.png */; };
		A323381F15D5FEF4003D062C /* doc_robot_spark.png in Resources */ = {isa = PBXBuildFile; fileRef = A323381315D5FEF4003D062C /* doc_robot_spark.png */; };
		A323382015D5FEF4003D062C /* doc_robot_snake.png in Resources */ = {isa = PBXBuildFile; fileRef = A323381415D5FEF4003D062C /* doc_robot_snake.png */; };
		A323382115D5FEF4003D062C /* doc_robot_shadow.png in Resources */ = {isa = PBXBuildFile; fileRef = A323381515D5FEF4003D062C /* doc_robot_shadow.png */; };
		A323382215D5FEF4003D062C /* magnet_man.png in Resources */ = {isa = PBXBuildFile; fileRef = A323381615D5FEF4003D062C /* magnet_man.png */; };
		A323382315D5FEF4003D062C /* doc_robot_gemini.png in Resources */ = {isa = PBXBuildFile; fileRef = A323381715D5FEF4003D062C /* doc_robot_gemini.png */; };
		A323382415D5FEF4003D062C /* shadow_man.png in Resources */ = {isa = PBXBuildFile; fileRef = A323381815D5FEF4003D062C /* shadow_man.png */; };
		A323382515D5FEF4003D062C /* snake_man.png in Resources */ = {isa = PBXBuildFile; fileRef = A323381915D5FEF4003D062C /* snake_man.png */; };
		A323382615D5FEF4003D062C /* spark_man.png in Resources */ = {isa = PBXBuildFile; fileRef = A323381A15D5FEF4003D062C /* spark_man.png */; };
		A323382715D5FEF4003D062C /* top_man.png in Resources */ = {isa = PBXBuildFile; fileRef = A323381B15D5FEF4003D062C /* top_man.png */; };
		A323382A15D5FFF8003D062C /* MMPGPasswordGeneratorRegistry.m in Sources */ = {isa = PBXBuildFile; fileRef = A323382915D5FFF8003D062C /* MMPGPasswordGeneratorRegistry.m */; };
		A323382D15D60186003D062C /* MMPGPasswordGenerator.m in Sources */ = {isa = PBXBuildFile; fileRef = A323382C15D60186003D062C /* MMPGPasswordGenerator.m */; };
		A323383015D6041E003D062C /* MM2PasswordGenerator.m in Sources */ = {isa = PBXBuildFile; fileRef = A323382F15D6041E003D062C /* MM2PasswordGenerator.m */; };
		A323383315D606F7003D062C /* Password.m in Sources */ = {isa = PBXBuildFile; fileRef = A323383215D606F7003D062C /* Password.m */; };
		A32BEAC715E08E9C004B972D /* balloon.png in Resources */ = {isa = PBXBuildFile; fileRef = A32BEABD15E08E9C004B972D /* balloon.png */; };
		A32BEAC815E08E9C004B972D /* bright_man.png in Resources */ = {isa = PBXBuildFile; fileRef = A32BEABE15E08E9C004B972D /* bright_man.png */; };
		A32BEAC915E08E9C004B972D /* dive_man.png in Resources */ = {isa = PBXBuildFile; fileRef = A32BEABF15E08E9C004B972D /* dive_man.png */; };
		A32BEACA15E08E9C004B972D /* drill_man.png in Resources */ = {isa = PBXBuildFile; fileRef = A32BEAC015E08E9C004B972D /* drill_man.png */; };
		A32BEACB15E08E9C004B972D /* dust_man.png in Resources */ = {isa = PBXBuildFile; fileRef = A32BEAC115E08E9C004B972D /* dust_man.png */; };
		A32BEACC15E08E9C004B972D /* pharaoh_man.png in Resources */ = {isa = PBXBuildFile; fileRef = A32BEAC215E08E9C004B972D /* pharaoh_man.png */; };
		A32BEACD15E08E9C004B972D /* ring_man.png in Resources */ = {isa = PBXBuildFile; fileRef = A32BEAC315E08E9C004B972D /* ring_man.png */; };
		A32BEACE15E08E9C004B972D /* skull_man.png in Resources */ = {isa = PBXBuildFile; fileRef = A32BEAC415E08E9C004B972D /* skull_man.png */; };
		A32BEACF15E08E9C004B972D /* toad_man.png in Resources */ = {isa = PBXBuildFile; fileRef = A32BEAC515E08E9C004B972D /* toad_man.png */; };
		A32BEAD015E08E9C004B972D /* wire.png in Resources */ = {isa = PBXBuildFile; fileRef = A32BEAC615E08E9C004B972D /* wire.png */; };
		A32BEAD315E09032004B972D /* MM4PasswordGenerator.m in Sources */ = {isa = PBXBuildFile; fileRef = A32BEAD215E09032004B972D /* MM4PasswordGenerator.m */; };
		A32BEAD715E0A308004B972D /* mm4_grid.png in Resources */ = {isa = PBXBuildFile; fileRef = A32BEAD615E0A308004B972D /* mm4_grid.png */; };
		A33C288815D2FEF8001EAC3F /* title_mm2.png in Resources */ = {isa = PBXBuildFile; fileRef = A33C288715D2FEF8001EAC3F /* title_mm2.png */; };
		A33C288A15D2FF07001EAC3F /* title_mm3.png in Resources */ = {isa = PBXBuildFile; fileRef = A33C288915D2FF07001EAC3F /* title_mm3.png */; };
		A33C289A15D30611001EAC3F /* MMPGDataStore.m in Sources */ = {isa = PBXBuildFile; fileRef = A33C289915D30611001EAC3F /* MMPGDataStore.m */; };
		A33C28AC15D31747001EAC3F /* MMPGData.plist in Resources */ = {isa = PBXBuildFile; fileRef = A33C28AB15D31747001EAC3F /* MMPGData.plist */; };
		A33C28AF15D32293001EAC3F /* MMPGDataObject.m in Sources */ = {isa = PBXBuildFile; fileRef = A33C28AE15D32293001EAC3F /* MMPGDataObject.m */; };
		A33C28B215D3232E001EAC3F /* Game.m in Sources */ = {isa = PBXBuildFile; fileRef = A33C28B115D3232E001EAC3F /* Game.m */; };
		A33C28B515D323AC001EAC3F /* Boss.m in Sources */ = {isa = PBXBuildFile; fileRef = A33C28B415D323AC001EAC3F /* Boss.m */; };
		A33C28B815D32429001EAC3F /* Item.m in Sources */ = {isa = PBXBuildFile; fileRef = A33C28B715D32429001EAC3F /* Item.m */; };
		A3465E7515CDE23900DFE0C0 /* UIKit.framework in Frameworks */ = {isa = PBXBuildFile; fileRef = A3465E7415CDE23900DFE0C0 /* UIKit.framework */; };
		A3465E7715CDE23900DFE0C0 /* Foundation.framework in Frameworks */ = {isa = PBXBuildFile; fileRef = A3465E7615CDE23900DFE0C0 /* Foundation.framework */; };
		A3465E7915CDE23900DFE0C0 /* CoreGraphics.framework in Frameworks */ = {isa = PBXBuildFile; fileRef = A3465E7815CDE23900DFE0C0 /* CoreGraphics.framework */; };
		A3465E7F15CDE23900DFE0C0 /* InfoPlist.strings in Resources */ = {isa = PBXBuildFile; fileRef = A3465E7D15CDE23900DFE0C0 /* InfoPlist.strings */; };
		A3465E8115CDE23900DFE0C0 /* main.m in Sources */ = {isa = PBXBuildFile; fileRef = A3465E8015CDE23900DFE0C0 /* main.m */; };
		A3465E8515CDE23900DFE0C0 /* MMPGAppDelegate.m in Sources */ = {isa = PBXBuildFile; fileRef = A3465E8415CDE23900DFE0C0 /* MMPGAppDelegate.m */; };
		A34ACA8D15DF0EF700AA6869 /* break_man.png in Resources */ = {isa = PBXBuildFile; fileRef = A34ACA8C15DF0EF700AA6869 /* break_man.png */; };
		A390726415D599300052E8E6 /* GameViewController.m in Sources */ = {isa = PBXBuildFile; fileRef = A390726215D599300052E8E6 /* GameViewController.m */; };
		A390726515D599300052E8E6 /* GameViewController.xib in Resources */ = {isa = PBXBuildFile; fileRef = A390726315D599300052E8E6 /* GameViewController.xib */; };
		A398A8E515D6F1A400ED23EE /* MM3PasswordGenerator.m in Sources */ = {isa = PBXBuildFile; fileRef = A398A8E415D6F1A400ED23EE /* MM3PasswordGenerator.m */; };
		A398A8EA15D6F57F00ED23EE /* PasswordViewController.m in Sources */ = {isa = PBXBuildFile; fileRef = A398A8E815D6F57F00ED23EE /* PasswordViewController.m */; };
		A398A8EB15D6F57F00ED23EE /* PasswordViewController.xib in Resources */ = {isa = PBXBuildFile; fileRef = A398A8E915D6F57F00ED23EE /* PasswordViewController.xib */; };
		A398A8F915D7034800ED23EE /* blue_dot.png in Resources */ = {isa = PBXBuildFile; fileRef = A398A8F715D7034800ED23EE /* blue_dot.png */; };
		A398A8FA15D7034800ED23EE /* red_dot.png in Resources */ = {isa = PBXBuildFile; fileRef = A398A8F815D7034800ED23EE /* red_dot.png */; };
		A3DAC1F415F5277900824FA9 /* gravity_man.png in Resources */ = {isa = PBXBuildFile; fileRef = A3DAC1F315F5277900824FA9 /* gravity_man.png */; };
		A3DAC1F615F5287700824FA9 /* gyro_man.png in Resources */ = {isa = PBXBuildFile; fileRef = A3DAC1F515F5287700824FA9 /* gyro_man.png */; };
		A3DAC1FB15F5297500824FA9 /* mm5_m2.png in Resources */ = {isa = PBXBuildFile; fileRef = A3DAC1F715F5297500824FA9 /* mm5_m2.png */; };
		A3DAC1FC15F5297500824FA9 /* mm5_a1.png in Resources */ = {isa = PBXBuildFile; fileRef = A3DAC1F815F5297500824FA9 /* mm5_a1.png */; };
		A3DAC1FD15F5297500824FA9 /* mm5_a2.png in Resources */ = {isa = PBXBuildFile; fileRef = A3DAC1F915F5297500824FA9 /* mm5_a2.png */; };
		A3DAC1FE15F5297500824FA9 /* mm5_m1.png in Resources */ = {isa = PBXBuildFile; fileRef = A3DAC1FA15F5297500824FA9 /* mm5_m1.png */; };
		A3DAC20115F52D3400824FA9 /* crystal_man.png in Resources */ = {isa = PBXBuildFile; fileRef = A3DAC1FF15F52D3400824FA9 /* crystal_man.png */; };
		A3DAC20215F52D3400824FA9 /* napalm_man.png in Resources */ = {isa = PBXBuildFile; fileRef = A3DAC20015F52D3400824FA9 /* napalm_man.png */; };
		A3DAC20515F52EFD00824FA9 /* stone_man.png in Resources */ = {isa = PBXBuildFile; fileRef = A3DAC20315F52EFD00824FA9 /* stone_man.png */; };
		A3DAC20615F52EFD00824FA9 /* wave_man.png in Resources */ = {isa = PBXBuildFile; fileRef = A3DAC20415F52EFD00824FA9 /* wave_man.png */; };
		A3DAC20815F5315E00824FA9 /* star_man.png in Resources */ = {isa = PBXBuildFile; fileRef = A3DAC20715F5315E00824FA9 /* star_man.png */; };
		A3DAC20A15F5328C00824FA9 /* charge_man.png in Resources */ = {isa = PBXBuildFile; fileRef = A3DAC20915F5328C00824FA9 /* charge_man.png */; };
		A3DAC20F15F542EC00824FA9 /* mm5_e.png in Resources */ = {isa = PBXBuildFile; fileRef = A3DAC20B15F542EC00824FA9 /* mm5_e.png */; };
		A3DAC21015F542EC00824FA9 /* mm5_v.png in Resources */ = {isa = PBXBuildFile; fileRef = A3DAC20C15F542EC00824FA9 /* mm5_v.png */; };
		A3DAC21115F542EC00824FA9 /* mm5_n.png in Resources */ = {isa = PBXBuildFile; fileRef = A3DAC20D15F542EC00824FA9 /* mm5_n.png */; };
		A3DAC21215F542EC00824FA9 /* mm5_g.png in Resources */ = {isa = PBXBuildFile; fileRef = A3DAC20E15F542EC00824FA9 /* mm5_g.png */; };
/* End PBXBuildFile section */

/* Begin PBXFileReference section */
		A3038F0115D495BE009915DB /* GameSelectionViewController.h */ = {isa = PBXFileReference; fileEncoding = 4; lastKnownFileType = sourcecode.c.h; path = GameSelectionViewController.h; sourceTree = "<group>"; };
		A3038F0215D495BE009915DB /* GameSelectionViewController.m */ = {isa = PBXFileReference; fileEncoding = 4; lastKnownFileType = sourcecode.c.objc; path = GameSelectionViewController.m; sourceTree = "<group>"; };
		A317849E15DDB40600A79A51 /* mm3_grid.png */ = {isa = PBXFileReference; lastKnownFileType = image.png; path = mm3_grid.png; sourceTree = "<group>"; };
		A317849F15DDB40600A79A51 /* mm2_grid.png */ = {isa = PBXFileReference; lastKnownFileType = image.png; path = mm2_grid.png; sourceTree = "<group>"; };
		A32337E315D5AFC7003D062C /* BossViewController.xib */ = {isa = PBXFileReference; fileEncoding = 4; lastKnownFileType = file.xib; path = BossViewController.xib; sourceTree = "<group>"; };
		A32337E715D5B307003D062C /* air_man.png */ = {isa = PBXFileReference; lastKnownFileType = image.png; path = air_man.png; sourceTree = "<group>"; };
		A32337E815D5B307003D062C /* bubble_man.png */ = {isa = PBXFileReference; lastKnownFileType = image.png; path = bubble_man.png; sourceTree = "<group>"; };
		A32337E915D5B307003D062C /* crash_man.png */ = {isa = PBXFileReference; lastKnownFileType = image.png; path = crash_man.png; sourceTree = "<group>"; };
		A32337EA15D5B307003D062C /* flash_man.png */ = {isa = PBXFileReference; lastKnownFileType = image.png; path = flash_man.png; sourceTree = "<group>"; };
		A32337EB15D5B307003D062C /* heat_man.png */ = {isa = PBXFileReference; lastKnownFileType = image.png; path = heat_man.png; sourceTree = "<group>"; };
		A32337F115D5B31A003D062C /* metal_man.png */ = {isa = PBXFileReference; lastKnownFileType = image.png; path = metal_man.png; sourceTree = "<group>"; };
		A32337F215D5B31A003D062C /* quick_man.png */ = {isa = PBXFileReference; lastKnownFileType = image.png; path = quick_man.png; sourceTree = "<group>"; };
		A32337F315D5B31A003D062C /* wood_man.png */ = {isa = PBXFileReference; lastKnownFileType = image.png; path = wood_man.png; sourceTree = "<group>"; };
		A32337F715D5B411003D062C /* BossViewController.h */ = {isa = PBXFileReference; fileEncoding = 4; lastKnownFileType = sourcecode.c.h; path = BossViewController.h; sourceTree = "<group>"; };
		A32337F815D5B411003D062C /* BossViewController.m */ = {isa = PBXFileReference; fileEncoding = 4; lastKnownFileType = sourcecode.c.objc; path = BossViewController.m; sourceTree = "<group>"; };
		A323380215D5E42C003D062C /* ItemViewControllerSingle.xib */ = {isa = PBXFileReference; fileEncoding = 4; lastKnownFileType = file.xib; path = ItemViewControllerSingle.xib; sourceTree = "<group>"; };
		A323380415D5E4F5003D062C /* ItemViewController.xib */ = {isa = PBXFileReference; fileEncoding = 4; lastKnownFileType = file.xib; path = ItemViewController.xib; sourceTree = "<group>"; };
		A323380915D5E8BC003D062C /* ItemViewController.h */ = {isa = PBXFileReference; fileEncoding = 4; lastKnownFileType = sourcecode.c.h; path = ItemViewController.h; sourceTree = "<group>"; };
		A323380A15D5E8BC003D062C /* ItemViewController.m */ = {isa = PBXFileReference; fileEncoding = 4; lastKnownFileType = sourcecode.c.objc; path = ItemViewController.m; sourceTree = "<group>"; };
		A323380D15D5F188003D062C /* etank.png */ = {isa = PBXFileReference; lastKnownFileType = image.png; path = etank.png; sourceTree = "<group>"; };
		A323381015D5FEF4003D062C /* needle_man.png */ = {isa = PBXFileReference; lastKnownFileType = image.png; path = needle_man.png; sourceTree = "<group>"; };
		A323381115D5FEF4003D062C /* hard_man.png */ = {isa = PBXFileReference; lastKnownFileType = image.png; path = hard_man.png; sourceTree = "<group>"; };
		A323381215D5FEF4003D062C /* gemini_man.png */ = {isa = PBXFileReference; lastKnownFileType = image.png; path = gemini_man.png; sourceTree = "<group>"; };
		A323381315D5FEF4003D062C /* doc_robot_spark.png */ = {isa = PBXFileReference; lastKnownFileType = image.png; path = doc_robot_spark.png; sourceTree = "<group>"; };
		A323381415D5FEF4003D062C /* doc_robot_snake.png */ = {isa = PBXFileReference; lastKnownFileType = image.png; path = doc_robot_snake.png; sourceTree = "<group>"; };
		A323381515D5FEF4003D062C /* doc_robot_shadow.png */ = {isa = PBXFileReference; lastKnownFileType = image.png; path = doc_robot_shadow.png; sourceTree = "<group>"; };
		A323381615D5FEF4003D062C /* magnet_man.png */ = {isa = PBXFileReference; lastKnownFileType = image.png; path = magnet_man.png; sourceTree = "<group>"; };
		A323381715D5FEF4003D062C /* doc_robot_gemini.png */ = {isa = PBXFileReference; lastKnownFileType = image.png; path = doc_robot_gemini.png; sourceTree = "<group>"; };
		A323381815D5FEF4003D062C /* shadow_man.png */ = {isa = PBXFileReference; lastKnownFileType = image.png; path = shadow_man.png; sourceTree = "<group>"; };
		A323381915D5FEF4003D062C /* snake_man.png */ = {isa = PBXFileReference; lastKnownFileType = image.png; path = snake_man.png; sourceTree = "<group>"; };
		A323381A15D5FEF4003D062C /* spark_man.png */ = {isa = PBXFileReference; lastKnownFileType = image.png; path = spark_man.png; sourceTree = "<group>"; };
		A323381B15D5FEF4003D062C /* top_man.png */ = {isa = PBXFileReference; lastKnownFileType = image.png; path = top_man.png; sourceTree = "<group>"; };
		A323382815D5FFF8003D062C /* MMPGPasswordGeneratorRegistry.h */ = {isa = PBXFileReference; fileEncoding = 4; lastKnownFileType = sourcecode.c.h; path = MMPGPasswordGeneratorRegistry.h; sourceTree = "<group>"; };
		A323382915D5FFF8003D062C /* MMPGPasswordGeneratorRegistry.m */ = {isa = PBXFileReference; fileEncoding = 4; lastKnownFileType = sourcecode.c.objc; path = MMPGPasswordGeneratorRegistry.m; sourceTree = "<group>"; };
		A323382B15D60186003D062C /* MMPGPasswordGenerator.h */ = {isa = PBXFileReference; fileEncoding = 4; lastKnownFileType = sourcecode.c.h; path = MMPGPasswordGenerator.h; sourceTree = "<group>"; };
		A323382C15D60186003D062C /* MMPGPasswordGenerator.m */ = {isa = PBXFileReference; fileEncoding = 4; lastKnownFileType = sourcecode.c.objc; path = MMPGPasswordGenerator.m; sourceTree = "<group>"; };
		A323382E15D6041E003D062C /* MM2PasswordGenerator.h */ = {isa = PBXFileReference; fileEncoding = 4; lastKnownFileType = sourcecode.c.h; path = MM2PasswordGenerator.h; sourceTree = "<group>"; };
		A323382F15D6041E003D062C /* MM2PasswordGenerator.m */ = {isa = PBXFileReference; fileEncoding = 4; lastKnownFileType = sourcecode.c.objc; path = MM2PasswordGenerator.m; sourceTree = "<group>"; };
		A323383115D606F6003D062C /* Password.h */ = {isa = PBXFileReference; fileEncoding = 4; lastKnownFileType = sourcecode.c.h; path = Password.h; sourceTree = "<group>"; };
		A323383215D606F7003D062C /* Password.m */ = {isa = PBXFileReference; fileEncoding = 4; lastKnownFileType = sourcecode.c.objc; path = Password.m; sourceTree = "<group>"; };
		A32BEABD15E08E9C004B972D /* balloon.png */ = {isa = PBXFileReference; lastKnownFileType = image.png; path = balloon.png; sourceTree = "<group>"; };
		A32BEABE15E08E9C004B972D /* bright_man.png */ = {isa = PBXFileReference; lastKnownFileType = image.png; path = bright_man.png; sourceTree = "<group>"; };
		A32BEABF15E08E9C004B972D /* dive_man.png */ = {isa = PBXFileReference; lastKnownFileType = image.png; path = dive_man.png; sourceTree = "<group>"; };
		A32BEAC015E08E9C004B972D /* drill_man.png */ = {isa = PBXFileReference; lastKnownFileType = image.png; path = drill_man.png; sourceTree = "<group>"; };
		A32BEAC115E08E9C004B972D /* dust_man.png */ = {isa = PBXFileReference; lastKnownFileType = image.png; path = dust_man.png; sourceTree = "<group>"; };
		A32BEAC215E08E9C004B972D /* pharaoh_man.png */ = {isa = PBXFileReference; lastKnownFileType = image.png; path = pharaoh_man.png; sourceTree = "<group>"; };
		A32BEAC315E08E9C004B972D /* ring_man.png */ = {isa = PBXFileReference; lastKnownFileType = image.png; path = ring_man.png; sourceTree = "<group>"; };
		A32BEAC415E08E9C004B972D /* skull_man.png */ = {isa = PBXFileReference; lastKnownFileType = image.png; path = skull_man.png; sourceTree = "<group>"; };
		A32BEAC515E08E9C004B972D /* toad_man.png */ = {isa = PBXFileReference; lastKnownFileType = image.png; path = toad_man.png; sourceTree = "<group>"; };
		A32BEAC615E08E9C004B972D /* wire.png */ = {isa = PBXFileReference; lastKnownFileType = image.png; path = wire.png; sourceTree = "<group>"; };
		A32BEAD115E09032004B972D /* MM4PasswordGenerator.h */ = {isa = PBXFileReference; fileEncoding = 4; lastKnownFileType = sourcecode.c.h; path = MM4PasswordGenerator.h; sourceTree = "<group>"; };
		A32BEAD215E09032004B972D /* MM4PasswordGenerator.m */ = {isa = PBXFileReference; fileEncoding = 4; lastKnownFileType = sourcecode.c.objc; path = MM4PasswordGenerator.m; sourceTree = "<group>"; };
		A32BEAD615E0A308004B972D /* mm4_grid.png */ = {isa = PBXFileReference; lastKnownFileType = image.png; path = mm4_grid.png; sourceTree = "<group>"; };
		A33C288715D2FEF8001EAC3F /* title_mm2.png */ = {isa = PBXFileReference; lastKnownFileType = image.png; path = title_mm2.png; sourceTree = "<group>"; };
		A33C288915D2FF07001EAC3F /* title_mm3.png */ = {isa = PBXFileReference; lastKnownFileType = image.png; path = title_mm3.png; sourceTree = "<group>"; };
		A33C289815D30611001EAC3F /* MMPGDataStore.h */ = {isa = PBXFileReference; fileEncoding = 4; lastKnownFileType = sourcecode.c.h; path = MMPGDataStore.h; sourceTree = "<group>"; };
		A33C289915D30611001EAC3F /* MMPGDataStore.m */ = {isa = PBXFileReference; fileEncoding = 4; lastKnownFileType = sourcecode.c.objc; path = MMPGDataStore.m; sourceTree = "<group>"; };
		A33C28AB15D31747001EAC3F /* MMPGData.plist */ = {isa = PBXFileReference; fileEncoding = 4; lastKnownFileType = text.plist.xml; path = MMPGData.plist; sourceTree = "<group>"; };
		A33C28AD15D32293001EAC3F /* MMPGDataObject.h */ = {isa = PBXFileReference; fileEncoding = 4; lastKnownFileType = sourcecode.c.h; path = MMPGDataObject.h; sourceTree = "<group>"; };
		A33C28AE15D32293001EAC3F /* MMPGDataObject.m */ = {isa = PBXFileReference; fileEncoding = 4; lastKnownFileType = sourcecode.c.objc; path = MMPGDataObject.m; sourceTree = "<group>"; };
		A33C28B015D3232E001EAC3F /* Game.h */ = {isa = PBXFileReference; fileEncoding = 4; lastKnownFileType = sourcecode.c.h; path = Game.h; sourceTree = "<group>"; };
		A33C28B115D3232E001EAC3F /* Game.m */ = {isa = PBXFileReference; fileEncoding = 4; lastKnownFileType = sourcecode.c.objc; path = Game.m; sourceTree = "<group>"; };
		A33C28B315D323AC001EAC3F /* Boss.h */ = {isa = PBXFileReference; fileEncoding = 4; lastKnownFileType = sourcecode.c.h; path = Boss.h; sourceTree = "<group>"; };
		A33C28B415D323AC001EAC3F /* Boss.m */ = {isa = PBXFileReference; fileEncoding = 4; lastKnownFileType = sourcecode.c.objc; path = Boss.m; sourceTree = "<group>"; };
		A33C28B615D32429001EAC3F /* Item.h */ = {isa = PBXFileReference; fileEncoding = 4; lastKnownFileType = sourcecode.c.h; path = Item.h; sourceTree = "<group>"; };
		A33C28B715D32429001EAC3F /* Item.m */ = {isa = PBXFileReference; fileEncoding = 4; lastKnownFileType = sourcecode.c.objc; path = Item.m; sourceTree = "<group>"; };
		A3465E7015CDE23900DFE0C0 /* Mega Man Password Generator.app */ = {isa = PBXFileReference; explicitFileType = wrapper.application; includeInIndex = 0; path = "Mega Man Password Generator.app"; sourceTree = BUILT_PRODUCTS_DIR; };
		A3465E7415CDE23900DFE0C0 /* UIKit.framework */ = {isa = PBXFileReference; lastKnownFileType = wrapper.framework; name = UIKit.framework; path = System/Library/Frameworks/UIKit.framework; sourceTree = SDKROOT; };
		A3465E7615CDE23900DFE0C0 /* Foundation.framework */ = {isa = PBXFileReference; lastKnownFileType = wrapper.framework; name = Foundation.framework; path = System/Library/Frameworks/Foundation.framework; sourceTree = SDKROOT; };
		A3465E7815CDE23900DFE0C0 /* CoreGraphics.framework */ = {isa = PBXFileReference; lastKnownFileType = wrapper.framework; name = CoreGraphics.framework; path = System/Library/Frameworks/CoreGraphics.framework; sourceTree = SDKROOT; };
		A3465E7C15CDE23900DFE0C0 /* Mega Man Password Generator-Info.plist */ = {isa = PBXFileReference; lastKnownFileType = text.plist.xml; path = "Mega Man Password Generator-Info.plist"; sourceTree = "<group>"; };
		A3465E7E15CDE23900DFE0C0 /* en */ = {isa = PBXFileReference; lastKnownFileType = text.plist.strings; name = en; path = en.lproj/InfoPlist.strings; sourceTree = "<group>"; };
		A3465E8015CDE23900DFE0C0 /* main.m */ = {isa = PBXFileReference; lastKnownFileType = sourcecode.c.objc; path = main.m; sourceTree = "<group>"; };
		A3465E8215CDE23900DFE0C0 /* Mega Man Password Generator-Prefix.pch */ = {isa = PBXFileReference; lastKnownFileType = sourcecode.c.h; path = "Mega Man Password Generator-Prefix.pch"; sourceTree = "<group>"; };
		A3465E8315CDE23900DFE0C0 /* MMPGAppDelegate.h */ = {isa = PBXFileReference; lastKnownFileType = sourcecode.c.h; path = MMPGAppDelegate.h; sourceTree = "<group>"; };
		A3465E8415CDE23900DFE0C0 /* MMPGAppDelegate.m */ = {isa = PBXFileReference; lastKnownFileType = sourcecode.c.objc; path = MMPGAppDelegate.m; sourceTree = "<group>"; };
		A34ACA8C15DF0EF700AA6869 /* break_man.png */ = {isa = PBXFileReference; lastKnownFileType = image.png; path = break_man.png; sourceTree = "<group>"; };
		A390726115D599300052E8E6 /* GameViewController.h */ = {isa = PBXFileReference; fileEncoding = 4; lastKnownFileType = sourcecode.c.h; path = GameViewController.h; sourceTree = "<group>"; };
		A390726215D599300052E8E6 /* GameViewController.m */ = {isa = PBXFileReference; fileEncoding = 4; lastKnownFileType = sourcecode.c.objc; path = GameViewController.m; sourceTree = "<group>"; };
		A390726315D599300052E8E6 /* GameViewController.xib */ = {isa = PBXFileReference; fileEncoding = 4; lastKnownFileType = file.xib; path = GameViewController.xib; sourceTree = "<group>"; };
		A398A8E315D6F1A400ED23EE /* MM3PasswordGenerator.h */ = {isa = PBXFileReference; fileEncoding = 4; lastKnownFileType = sourcecode.c.h; path = MM3PasswordGenerator.h; sourceTree = "<group>"; };
		A398A8E415D6F1A400ED23EE /* MM3PasswordGenerator.m */ = {isa = PBXFileReference; fileEncoding = 4; lastKnownFileType = sourcecode.c.objc; path = MM3PasswordGenerator.m; sourceTree = "<group>"; };
		A398A8E715D6F57F00ED23EE /* PasswordViewController.h */ = {isa = PBXFileReference; fileEncoding = 4; lastKnownFileType = sourcecode.c.h; path = PasswordViewController.h; sourceTree = "<group>"; };
		A398A8E815D6F57F00ED23EE /* PasswordViewController.m */ = {isa = PBXFileReference; fileEncoding = 4; lastKnownFileType = sourcecode.c.objc; path = PasswordViewController.m; sourceTree = "<group>"; };
		A398A8E915D6F57F00ED23EE /* PasswordViewController.xib */ = {isa = PBXFileReference; fileEncoding = 4; lastKnownFileType = file.xib; path = PasswordViewController.xib; sourceTree = "<group>"; };
		A398A8F715D7034800ED23EE /* blue_dot.png */ = {isa = PBXFileReference; lastKnownFileType = image.png; path = blue_dot.png; sourceTree = "<group>"; };
		A398A8F815D7034800ED23EE /* red_dot.png */ = {isa = PBXFileReference; lastKnownFileType = image.png; path = red_dot.png; sourceTree = "<group>"; };
		A3DAC1F315F5277900824FA9 /* gravity_man.png */ = {isa = PBXFileReference; lastKnownFileType = image.png; path = gravity_man.png; sourceTree = "<group>"; };
		A3DAC1F515F5287700824FA9 /* gyro_man.png */ = {isa = PBXFileReference; lastKnownFileType = image.png; path = gyro_man.png; sourceTree = "<group>"; };
		A3DAC1F715F5297500824FA9 /* mm5_m2.png */ = {isa = PBXFileReference; lastKnownFileType = image.png; path = mm5_m2.png; sourceTree = "<group>"; };
		A3DAC1F815F5297500824FA9 /* mm5_a1.png */ = {isa = PBXFileReference; lastKnownFileType = image.png; path = mm5_a1.png; sourceTree = "<group>"; };
		A3DAC1F915F5297500824FA9 /* mm5_a2.png */ = {isa = PBXFileReference; lastKnownFileType = image.png; path = mm5_a2.png; sourceTree = "<group>"; };
		A3DAC1FA15F5297500824FA9 /* mm5_m1.png */ = {isa = PBXFileReference; lastKnownFileType = image.png; path = mm5_m1.png; sourceTree = "<group>"; };
		A3DAC1FF15F52D3400824FA9 /* crystal_man.png */ = {isa = PBXFileReference; lastKnownFileType = image.png; path = crystal_man.png; sourceTree = "<group>"; };
		A3DAC20015F52D3400824FA9 /* napalm_man.png */ = {isa = PBXFileReference; lastKnownFileType = image.png; path = napalm_man.png; sourceTree = "<group>"; };
		A3DAC20315F52EFD00824FA9 /* stone_man.png */ = {isa = PBXFileReference; lastKnownFileType = image.png; path = stone_man.png; sourceTree = "<group>"; };
		A3DAC20415F52EFD00824FA9 /* wave_man.png */ = {isa = PBXFileReference; lastKnownFileType = image.png; path = wave_man.png; sourceTree = "<group>"; };
		A3DAC20715F5315E00824FA9 /* star_man.png */ = {isa = PBXFileReference; lastKnownFileType = image.png; path = star_man.png; sourceTree = "<group>"; };
		A3DAC20915F5328C00824FA9 /* charge_man.png */ = {isa = PBXFileReference; lastKnownFileType = image.png; path = charge_man.png; sourceTree = "<group>"; };
		A3DAC20B15F542EC00824FA9 /* mm5_e.png */ = {isa = PBXFileReference; lastKnownFileType = image.png; path = mm5_e.png; sourceTree = "<group>"; };
		A3DAC20C15F542EC00824FA9 /* mm5_v.png */ = {isa = PBXFileReference; lastKnownFileType = image.png; path = mm5_v.png; sourceTree = "<group>"; };
		A3DAC20D15F542EC00824FA9 /* mm5_n.png */ = {isa = PBXFileReference; lastKnownFileType = image.png; path = mm5_n.png; sourceTree = "<group>"; };
		A3DAC20E15F542EC00824FA9 /* mm5_g.png */ = {isa = PBXFileReference; lastKnownFileType = image.png; path = mm5_g.png; sourceTree = "<group>"; };
/* End PBXFileReference section */

/* Begin PBXFrameworksBuildPhase section */
		A3465E6D15CDE23800DFE0C0 /* Frameworks */ = {
			isa = PBXFrameworksBuildPhase;
			buildActionMask = 2147483647;
			files = (
				A3465E7515CDE23900DFE0C0 /* UIKit.framework in Frameworks */,
				A3465E7715CDE23900DFE0C0 /* Foundation.framework in Frameworks */,
				A3465E7915CDE23900DFE0C0 /* CoreGraphics.framework in Frameworks */,
			);
			runOnlyForDeploymentPostprocessing = 0;
		};
/* End PBXFrameworksBuildPhase section */

/* Begin PBXGroup section */
		A32337E615D5B2E6003D062C /* Mega Man 2 */ = {
			isa = PBXGroup;
			children = (
				A32337E715D5B307003D062C /* air_man.png */,
				A32337E815D5B307003D062C /* bubble_man.png */,
				A32337E915D5B307003D062C /* crash_man.png */,
				A32337EA15D5B307003D062C /* flash_man.png */,
				A32337EB15D5B307003D062C /* heat_man.png */,
				A32337F115D5B31A003D062C /* metal_man.png */,
				A32337F215D5B31A003D062C /* quick_man.png */,
				A32337F315D5B31A003D062C /* wood_man.png */,
			);
			name = "Mega Man 2";
			sourceTree = "<group>";
		};
		A323380C15D5F17C003D062C /* Items */ = {
			isa = PBXGroup;
			children = (
				A323380D15D5F188003D062C /* etank.png */,
			);
			name = Items;
			sourceTree = "<group>";
		};
		A323380F15D5FE9A003D062C /* Mega Man 3 */ = {
			isa = PBXGroup;
			children = (
				A34ACA8C15DF0EF700AA6869 /* break_man.png */,
				A323381015D5FEF4003D062C /* needle_man.png */,
				A323381115D5FEF4003D062C /* hard_man.png */,
				A323381215D5FEF4003D062C /* gemini_man.png */,
				A323381715D5FEF4003D062C /* doc_robot_gemini.png */,
				A323381315D5FEF4003D062C /* doc_robot_spark.png */,
				A323381415D5FEF4003D062C /* doc_robot_snake.png */,
				A323381515D5FEF4003D062C /* doc_robot_shadow.png */,
				A323381615D5FEF4003D062C /* magnet_man.png */,
				A323381815D5FEF4003D062C /* shadow_man.png */,
				A323381915D5FEF4003D062C /* snake_man.png */,
				A323381A15D5FEF4003D062C /* spark_man.png */,
				A323381B15D5FEF4003D062C /* top_man.png */,
			);
			name = "Mega Man 3";
			sourceTree = "<group>";
		};
		A32BEABB15E08E51004B972D /* Mega Man 4 */ = {
			isa = PBXGroup;
			children = (
				A32BEABD15E08E9C004B972D /* balloon.png */,
				A32BEABE15E08E9C004B972D /* bright_man.png */,
				A32BEABF15E08E9C004B972D /* dive_man.png */,
				A32BEAC015E08E9C004B972D /* drill_man.png */,
				A32BEAC115E08E9C004B972D /* dust_man.png */,
				A32BEAC215E08E9C004B972D /* pharaoh_man.png */,
				A32BEAC315E08E9C004B972D /* ring_man.png */,
				A32BEAC415E08E9C004B972D /* skull_man.png */,
				A32BEAC515E08E9C004B972D /* toad_man.png */,
				A32BEAC615E08E9C004B972D /* wire.png */,
			);
			name = "Mega Man 4";
			sourceTree = "<group>";
		};
		A33C289615D30491001EAC3F /* Password Generators */ = {
			isa = PBXGroup;
			children = (
				A323382815D5FFF8003D062C /* MMPGPasswordGeneratorRegistry.h */,
				A323382915D5FFF8003D062C /* MMPGPasswordGeneratorRegistry.m */,
				A323382B15D60186003D062C /* MMPGPasswordGenerator.h */,
				A323382C15D60186003D062C /* MMPGPasswordGenerator.m */,
				A323382E15D6041E003D062C /* MM2PasswordGenerator.h */,
				A323382F15D6041E003D062C /* MM2PasswordGenerator.m */,
				A398A8E315D6F1A400ED23EE /* MM3PasswordGenerator.h */,
				A398A8E415D6F1A400ED23EE /* MM3PasswordGenerator.m */,
				A32BEAD115E09032004B972D /* MM4PasswordGenerator.h */,
				A32BEAD215E09032004B972D /* MM4PasswordGenerator.m */,
			);
			name = "Password Generators";
			sourceTree = "<group>";
		};
		A33C289715D304A2001EAC3F /* Views */ = {
			isa = PBXGroup;
			children = (
				A3038F0115D495BE009915DB /* GameSelectionViewController.h */,
				A3038F0215D495BE009915DB /* GameSelectionViewController.m */,
				A390726115D599300052E8E6 /* GameViewController.h */,
				A390726215D599300052E8E6 /* GameViewController.m */,
				A390726315D599300052E8E6 /* GameViewController.xib */,
				A32337F715D5B411003D062C /* BossViewController.h */,
				A32337F815D5B411003D062C /* BossViewController.m */,
				A32337E315D5AFC7003D062C /* BossViewController.xib */,
				A323380915D5E8BC003D062C /* ItemViewController.h */,
				A323380A15D5E8BC003D062C /* ItemViewController.m */,
				A323380415D5E4F5003D062C /* ItemViewController.xib */,
				A323380215D5E42C003D062C /* ItemViewControllerSingle.xib */,
				A398A8E715D6F57F00ED23EE /* PasswordViewController.h */,
				A398A8E815D6F57F00ED23EE /* PasswordViewController.m */,
				A398A8E915D6F57F00ED23EE /* PasswordViewController.xib */,
			);
			name = Views;
			sourceTree = "<group>";
		};
		A33C289B15D3073D001EAC3F /* Data Models */ = {
			isa = PBXGroup;
			children = (
				A33C28B315D323AC001EAC3F /* Boss.h */,
				A33C28B415D323AC001EAC3F /* Boss.m */,
				A33C28B015D3232E001EAC3F /* Game.h */,
				A33C28B115D3232E001EAC3F /* Game.m */,
				A33C28B615D32429001EAC3F /* Item.h */,
				A33C28B715D32429001EAC3F /* Item.m */,
				A323383115D606F6003D062C /* Password.h */,
				A323383215D606F7003D062C /* Password.m */,
				A33C289815D30611001EAC3F /* MMPGDataStore.h */,
				A33C289915D30611001EAC3F /* MMPGDataStore.m */,
				A33C28AD15D32293001EAC3F /* MMPGDataObject.h */,
				A33C28AE15D32293001EAC3F /* MMPGDataObject.m */,
				A33C28AB15D31747001EAC3F /* MMPGData.plist */,
			);
			name = "Data Models";
			sourceTree = "<group>";
		};
		A3465E6515CDE23800DFE0C0 = {
			isa = PBXGroup;
			children = (
				A3465E7A15CDE23900DFE0C0 /* Mega Man Password Generator */,
				A3465E7315CDE23900DFE0C0 /* Frameworks */,
				A3465E7115CDE23900DFE0C0 /* Products */,
			);
			sourceTree = "<group>";
		};
		A3465E7115CDE23900DFE0C0 /* Products */ = {
			isa = PBXGroup;
			children = (
				A3465E7015CDE23900DFE0C0 /* Mega Man Password Generator.app */,
			);
			name = Products;
			sourceTree = "<group>";
		};
		A3465E7315CDE23900DFE0C0 /* Frameworks */ = {
			isa = PBXGroup;
			children = (
				A3465E7415CDE23900DFE0C0 /* UIKit.framework */,
				A3465E7615CDE23900DFE0C0 /* Foundation.framework */,
				A3465E7815CDE23900DFE0C0 /* CoreGraphics.framework */,
			);
			name = Frameworks;
			sourceTree = "<group>";
		};
		A3465E7A15CDE23900DFE0C0 /* Mega Man Password Generator */ = {
			isa = PBXGroup;
			children = (
				A33C289B15D3073D001EAC3F /* Data Models */,
				A33C289715D304A2001EAC3F /* Views */,
				A33C289615D30491001EAC3F /* Password Generators */,
				A3465E8315CDE23900DFE0C0 /* MMPGAppDelegate.h */,
				A3465E8415CDE23900DFE0C0 /* MMPGAppDelegate.m */,
				A3465E7B15CDE23900DFE0C0 /* Supporting Files */,
			);
			path = "Mega Man Password Generator";
			sourceTree = "<group>";
		};
		A3465E7B15CDE23900DFE0C0 /* Supporting Files */ = {
			isa = PBXGroup;
			children = (
				A390726815D59BDD0052E8E6 /* Screenshots */,
				A390726715D59BCE0052E8E6 /* Sprites */,
				A3465E7D15CDE23900DFE0C0 /* InfoPlist.strings */,
				A3465E7C15CDE23900DFE0C0 /* Mega Man Password Generator-Info.plist */,
				A3465E8015CDE23900DFE0C0 /* main.m */,
				A3465E8215CDE23900DFE0C0 /* Mega Man Password Generator-Prefix.pch */,
			);
			name = "Supporting Files";
			sourceTree = "<group>";
		};
		A390726715D59BCE0052E8E6 /* Sprites */ = {
			isa = PBXGroup;
			children = (
				A3DAC1F115F5260F00824FA9 /* Mega Man 5 */,
				A323380C15D5F17C003D062C /* Items */,
				A398A8EF15D6FF7F00ED23EE /* Password Assets */,
				A32337E615D5B2E6003D062C /* Mega Man 2 */,
				A323380F15D5FE9A003D062C /* Mega Man 3 */,
				A32BEABB15E08E51004B972D /* Mega Man 4 */,
			);
			name = Sprites;
			sourceTree = "<group>";
		};
		A390726815D59BDD0052E8E6 /* Screenshots */ = {
			isa = PBXGroup;
			children = (
				A33C288715D2FEF8001EAC3F /* title_mm2.png */,
				A33C288915D2FF07001EAC3F /* title_mm3.png */,
			);
			name = Screenshots;
			sourceTree = "<group>";
		};
		A398A8EF15D6FF7F00ED23EE /* Password Assets */ = {
			isa = PBXGroup;
			children = (
				A398A8F715D7034800ED23EE /* blue_dot.png */,
				A398A8F815D7034800ED23EE /* red_dot.png */,
				A317849F15DDB40600A79A51 /* mm2_grid.png */,
				A317849E15DDB40600A79A51 /* mm3_grid.png */,
				A32BEAD615E0A308004B972D /* mm4_grid.png */,
			);
			name = "Password Assets";
			sourceTree = "<group>";
		};
		A3DAC1F115F5260F00824FA9 /* Mega Man 5 */ = {
			isa = PBXGroup;
			children = (
				A3DAC20915F5328C00824FA9 /* charge_man.png */,
				A3DAC1FF15F52D3400824FA9 /* crystal_man.png */,
				A3DAC1F315F5277900824FA9 /* gravity_man.png */,
				A3DAC1F515F5287700824FA9 /* gyro_man.png */,
				A3DAC20015F52D3400824FA9 /* napalm_man.png */,
				A3DAC20715F5315E00824FA9 /* star_man.png */,
				A3DAC20315F52EFD00824FA9 /* stone_man.png */,
				A3DAC20415F52EFD00824FA9 /* wave_man.png */,
				A3DAC1FA15F5297500824FA9 /* mm5_m1.png */,
				A3DAC20B15F542EC00824FA9 /* mm5_e.png */,
				A3DAC20E15F542EC00824FA9 /* mm5_g.png */,
				A3DAC1F815F5297500824FA9 /* mm5_a1.png */,
				A3DAC1F715F5297500824FA9 /* mm5_m2.png */,
				A3DAC1F915F5297500824FA9 /* mm5_a2.png */,
				A3DAC20D15F542EC00824FA9 /* mm5_n.png */,
				A3DAC20C15F542EC00824FA9 /* mm5_v.png */,
			);
			name = "Mega Man 5";
			sourceTree = "<group>";
		};
/* End PBXGroup section */

/* Begin PBXNativeTarget section */
		A3465E6F15CDE23800DFE0C0 /* Mega Man Password Generator */ = {
			isa = PBXNativeTarget;
			buildConfigurationList = A3465E8815CDE23900DFE0C0 /* Build configuration list for PBXNativeTarget "Mega Man Password Generator" */;
			buildPhases = (
				A3465E6C15CDE23800DFE0C0 /* Sources */,
				A3465E6D15CDE23800DFE0C0 /* Frameworks */,
				A3465E6E15CDE23800DFE0C0 /* Resources */,
			);
			buildRules = (
			);
			dependencies = (
			);
			name = "Mega Man Password Generator";
			productName = "Mega Man Password Generator";
			productReference = A3465E7015CDE23900DFE0C0 /* Mega Man Password Generator.app */;
			productType = "com.apple.product-type.application";
		};
/* End PBXNativeTarget section */

/* Begin PBXProject section */
		A3465E6715CDE23800DFE0C0 /* Project object */ = {
			isa = PBXProject;
			attributes = {
				CLASSPREFIX = MMPG;
				LastUpgradeCheck = 0450;
				ORGANIZATIONNAME = "Luke Sneeringer";
			};
			buildConfigurationList = A3465E6A15CDE23800DFE0C0 /* Build configuration list for PBXProject "Mega Man Password Generator" */;
			compatibilityVersion = "Xcode 3.2";
			developmentRegion = English;
			hasScannedForEncodings = 0;
			knownRegions = (
				en,
			);
			mainGroup = A3465E6515CDE23800DFE0C0;
			productRefGroup = A3465E7115CDE23900DFE0C0 /* Products */;
			projectDirPath = "";
			projectRoot = "";
			targets = (
				A3465E6F15CDE23800DFE0C0 /* Mega Man Password Generator */,
			);
		};
/* End PBXProject section */

/* Begin PBXResourcesBuildPhase section */
		A3465E6E15CDE23800DFE0C0 /* Resources */ = {
			isa = PBXResourcesBuildPhase;
			buildActionMask = 2147483647;
			files = (
				A3465E7F15CDE23900DFE0C0 /* InfoPlist.strings in Resources */,
				A33C288815D2FEF8001EAC3F /* title_mm2.png in Resources */,
				A33C288A15D2FF07001EAC3F /* title_mm3.png in Resources */,
				A33C28AC15D31747001EAC3F /* MMPGData.plist in Resources */,
				A390726515D599300052E8E6 /* GameViewController.xib in Resources */,
				A32337E415D5AFC7003D062C /* BossViewController.xib in Resources */,
				A32337EC15D5B307003D062C /* air_man.png in Resources */,
				A32337ED15D5B307003D062C /* bubble_man.png in Resources */,
				A32337EE15D5B307003D062C /* crash_man.png in Resources */,
				A32337EF15D5B307003D062C /* flash_man.png in Resources */,
				A32337F015D5B307003D062C /* heat_man.png in Resources */,
				A32337F415D5B31A003D062C /* metal_man.png in Resources */,
				A32337F515D5B31A003D062C /* quick_man.png in Resources */,
				A32337F615D5B31A003D062C /* wood_man.png in Resources */,
				A323380315D5E42C003D062C /* ItemViewControllerSingle.xib in Resources */,
				A323380515D5E4F5003D062C /* ItemViewController.xib in Resources */,
				A323380E15D5F188003D062C /* etank.png in Resources */,
				A323381C15D5FEF4003D062C /* needle_man.png in Resources */,
				A323381D15D5FEF4003D062C /* hard_man.png in Resources */,
				A323381E15D5FEF4003D062C /* gemini_man.png in Resources */,
				A323381F15D5FEF4003D062C /* doc_robot_spark.png in Resources */,
				A323382015D5FEF4003D062C /* doc_robot_snake.png in Resources */,
				A323382115D5FEF4003D062C /* doc_robot_shadow.png in Resources */,
				A323382215D5FEF4003D062C /* magnet_man.png in Resources */,
				A323382315D5FEF4003D062C /* doc_robot_gemini.png in Resources */,
				A323382415D5FEF4003D062C /* shadow_man.png in Resources */,
				A323382515D5FEF4003D062C /* snake_man.png in Resources */,
				A323382615D5FEF4003D062C /* spark_man.png in Resources */,
				A323382715D5FEF4003D062C /* top_man.png in Resources */,
				A398A8EB15D6F57F00ED23EE /* PasswordViewController.xib in Resources */,
				A398A8F915D7034800ED23EE /* blue_dot.png in Resources */,
				A398A8FA15D7034800ED23EE /* red_dot.png in Resources */,
				A31784A015DDB40600A79A51 /* mm3_grid.png in Resources */,
				A31784A115DDB40600A79A51 /* mm2_grid.png in Resources */,
				A34ACA8D15DF0EF700AA6869 /* break_man.png in Resources */,
				A32BEAC715E08E9C004B972D /* balloon.png in Resources */,
				A32BEAC815E08E9C004B972D /* bright_man.png in Resources */,
				A32BEAC915E08E9C004B972D /* dive_man.png in Resources */,
				A32BEACA15E08E9C004B972D /* drill_man.png in Resources */,
				A32BEACB15E08E9C004B972D /* dust_man.png in Resources */,
				A32BEACC15E08E9C004B972D /* pharaoh_man.png in Resources */,
				A32BEACD15E08E9C004B972D /* ring_man.png in Resources */,
				A32BEACE15E08E9C004B972D /* skull_man.png in Resources */,
				A32BEACF15E08E9C004B972D /* toad_man.png in Resources */,
				A32BEAD015E08E9C004B972D /* wire.png in Resources */,
				A32BEAD715E0A308004B972D /* mm4_grid.png in Resources */,
				A3DAC1F415F5277900824FA9 /* gravity_man.png in Resources */,
				A3DAC1F615F5287700824FA9 /* gyro_man.png in Resources */,
				A3DAC1FB15F5297500824FA9 /* mm5_m2.png in Resources */,
				A3DAC1FC15F5297500824FA9 /* mm5_a1.png in Resources */,
				A3DAC1FD15F5297500824FA9 /* mm5_a2.png in Resources */,
				A3DAC1FE15F5297500824FA9 /* mm5_m1.png in Resources */,
				A3DAC20115F52D3400824FA9 /* crystal_man.png in Resources */,
				A3DAC20215F52D3400824FA9 /* napalm_man.png in Resources */,
				A3DAC20515F52EFD00824FA9 /* stone_man.png in Resources */,
				A3DAC20615F52EFD00824FA9 /* wave_man.png in Resources */,
				A3DAC20815F5315E00824FA9 /* star_man.png in Resources */,
				A3DAC20A15F5328C00824FA9 /* charge_man.png in Resources */,
				A3DAC20F15F542EC00824FA9 /* mm5_e.png in Resources */,
				A3DAC21015F542EC00824FA9 /* mm5_v.png in Resources */,
				A3DAC21115F542EC00824FA9 /* mm5_n.png in Resources */,
				A3DAC21215F542EC00824FA9 /* mm5_g.png in Resources */,
			);
			runOnlyForDeploymentPostprocessing = 0;
		};
/* End PBXResourcesBuildPhase section */

/* Begin PBXSourcesBuildPhase section */
		A3465E6C15CDE23800DFE0C0 /* Sources */ = {
			isa = PBXSourcesBuildPhase;
			buildActionMask = 2147483647;
			files = (
				A3465E8115CDE23900DFE0C0 /* main.m in Sources */,
				A3465E8515CDE23900DFE0C0 /* MMPGAppDelegate.m in Sources */,
				A33C289A15D30611001EAC3F /* MMPGDataStore.m in Sources */,
				A33C28AF15D32293001EAC3F /* MMPGDataObject.m in Sources */,
				A33C28B215D3232E001EAC3F /* Game.m in Sources */,
				A33C28B515D323AC001EAC3F /* Boss.m in Sources */,
				A33C28B815D32429001EAC3F /* Item.m in Sources */,
				A3038F0315D495BE009915DB /* GameSelectionViewController.m in Sources */,
				A390726415D599300052E8E6 /* GameViewController.m in Sources */,
				A32337F915D5B411003D062C /* BossViewController.m in Sources */,
				A323380B15D5E8BC003D062C /* ItemViewController.m in Sources */,
				A323382A15D5FFF8003D062C /* MMPGPasswordGeneratorRegistry.m in Sources */,
				A323382D15D60186003D062C /* MMPGPasswordGenerator.m in Sources */,
				A323383015D6041E003D062C /* MM2PasswordGenerator.m in Sources */,
				A323383315D606F7003D062C /* Password.m in Sources */,
				A398A8E515D6F1A400ED23EE /* MM3PasswordGenerator.m in Sources */,
				A398A8EA15D6F57F00ED23EE /* PasswordViewController.m in Sources */,
				A32BEAD315E09032004B972D /* MM4PasswordGenerator.m in Sources */,
			);
			runOnlyForDeploymentPostprocessing = 0;
		};
/* End PBXSourcesBuildPhase section */

/* Begin PBXVariantGroup section */
		A3465E7D15CDE23900DFE0C0 /* InfoPlist.strings */ = {
			isa = PBXVariantGroup;
			children = (
				A3465E7E15CDE23900DFE0C0 /* en */,
			);
			name = InfoPlist.strings;
			sourceTree = "<group>";
		};
/* End PBXVariantGroup section */

/* Begin XCBuildConfiguration section */
		A3465E8615CDE23900DFE0C0 /* Debug */ = {
			isa = XCBuildConfiguration;
			buildSettings = {
				ALWAYS_SEARCH_USER_PATHS = NO;
				CLANG_CXX_LANGUAGE_STANDARD = "gnu++0x";
				CLANG_ENABLE_OBJC_ARC = YES;
				CLANG_WARN__DUPLICATE_METHOD_MATCH = YES;
				"CODE_SIGN_IDENTITY[sdk=iphoneos*]" = "iPhone Developer";
				COPY_PHASE_STRIP = NO;
				GCC_C_LANGUAGE_STANDARD = gnu99;
				GCC_DYNAMIC_NO_PIC = NO;
				GCC_OPTIMIZATION_LEVEL = 0;
				GCC_PREPROCESSOR_DEFINITIONS = (
					"DEBUG=1",
					"$(inherited)",
				);
				GCC_SYMBOLS_PRIVATE_EXTERN = NO;
				GCC_WARN_ABOUT_RETURN_TYPE = YES;
				GCC_WARN_UNINITIALIZED_AUTOS = YES;
				GCC_WARN_UNUSED_VARIABLE = YES;
				IPHONEOS_DEPLOYMENT_TARGET = 6.0;
				SDKROOT = iphoneos;
				TARGETED_DEVICE_FAMILY = "1,2";
			};
			name = Debug;
		};
		A3465E8715CDE23900DFE0C0 /* Release */ = {
			isa = XCBuildConfiguration;
			buildSettings = {
				ALWAYS_SEARCH_USER_PATHS = NO;
				CLANG_CXX_LANGUAGE_STANDARD = "gnu++0x";
				CLANG_ENABLE_OBJC_ARC = YES;
				CLANG_WARN__DUPLICATE_METHOD_MATCH = YES;
				"CODE_SIGN_IDENTITY[sdk=iphoneos*]" = "iPhone Developer";
				COPY_PHASE_STRIP = YES;
				GCC_C_LANGUAGE_STANDARD = gnu99;
				GCC_WARN_ABOUT_RETURN_TYPE = YES;
				GCC_WARN_UNINITIALIZED_AUTOS = YES;
				GCC_WARN_UNUSED_VARIABLE = YES;
				IPHONEOS_DEPLOYMENT_TARGET = 6.0;
				OTHER_CFLAGS = "-DNS_BLOCK_ASSERTIONS=1";
				SDKROOT = iphoneos;
				TARGETED_DEVICE_FAMILY = "1,2";
				VALIDATE_PRODUCT = YES;
			};
			name = Release;
		};
		A3465E8915CDE23900DFE0C0 /* Debug */ = {
			isa = XCBuildConfiguration;
			buildSettings = {
				GCC_PRECOMPILE_PREFIX_HEADER = YES;
				GCC_PREFIX_HEADER = "Mega Man Password Generator/Mega Man Password Generator-Prefix.pch";
				INFOPLIST_FILE = "Mega Man Password Generator/Mega Man Password Generator-Info.plist";
				PRODUCT_NAME = "$(TARGET_NAME)";
				WRAPPER_EXTENSION = app;
			};
			name = Debug;
		};
		A3465E8A15CDE23900DFE0C0 /* Release */ = {
			isa = XCBuildConfiguration;
			buildSettings = {
				GCC_PRECOMPILE_PREFIX_HEADER = YES;
				GCC_PREFIX_HEADER = "Mega Man Password Generator/Mega Man Password Generator-Prefix.pch";
				INFOPLIST_FILE = "Mega Man Password Generator/Mega Man Password Generator-Info.plist";
				PRODUCT_NAME = "$(TARGET_NAME)";
				WRAPPER_EXTENSION = app;
			};
			name = Release;
		};
/* End XCBuildConfiguration section */

/* Begin XCConfigurationList section */
		A3465E6A15CDE23800DFE0C0 /* Build configuration list for PBXProject "Mega Man Password Generator" */ = {
			isa = XCConfigurationList;
			buildConfigurations = (
				A3465E8615CDE23900DFE0C0 /* Debug */,
				A3465E8715CDE23900DFE0C0 /* Release */,
			);
			defaultConfigurationIsVisible = 0;
			defaultConfigurationName = Release;
		};
		A3465E8815CDE23900DFE0C0 /* Build configuration list for PBXNativeTarget "Mega Man Password Generator" */ = {
			isa = XCConfigurationList;
			buildConfigurations = (
				A3465E8915CDE23900DFE0C0 /* Debug */,
				A3465E8A15CDE23900DFE0C0 /* Release */,
			);
			defaultConfigurationIsVisible = 0;
			defaultConfigurationName = Release;
		};
/* End XCConfigurationList section */
	};
	rootObject = A3465E6715CDE23800DFE0C0 /* Project object */;
}
